
Microsoft Visual Studio Solution File, Format Version 12.00
# Visual Studio Version 16
VisualStudioVersion = 16.0.31624.102
MinimumVisualStudioVersion = 10.0.40219.1
Project("{FAE04EC0-301F-11D3-BF4B-00C04F79EFBC}") = "WebApplication10", "WebApplication10\WebApplication10.csproj", "{EA180E14-4C30-4381-AA32-D71A4F02671B}"
EndProject
Global
	GlobalSection(SolutionConfigurationPlatforms) = preSolution
		Debug|Any CPU = Debug|Any CPU
		Release|Any CPU = Release|Any CPU
	EndGlobalSection
	GlobalSection(ProjectConfigurationPlatforms) = postSolution
		{EA180E14-4C30-4381-AA32-D71A4F02671B}.Debug|Any CPU.ActiveCfg = Debug|Any CPU
		{EA180E14-4C30-4381-AA32-D71A4F02671B}.Debug|Any CPU.Build.0 = Debug|Any CPU
		{EA180E14-4C30-4381-AA32-D71A4F02671B}.Release|Any CPU.ActiveCfg = Release|Any CPU
		{EA180E14-4C30-4381-AA32-D71A4F02671B}.Release|Any CPU.Build.0 = Release|Any CPU
	EndGlobalSection
	GlobalSection(SolutionProperties) = preSolution
		HideSolutionNode = FALSE
	EndGlobalSection
	GlobalSection(ExtensibilityGlobals) = postSolution
		SolutionGuid = {AC28CD80-D3FB-4623-8FAC-F9FCCF446C45}
	EndGlobalSection
EndGlobal
